
Microsoft Visual Studio Solution File, Format Version 12.00
# Visual Studio 2013
VisualStudioVersion = 12.0.21005.1
MinimumVisualStudioVersion = 10.0.40219.1
Project("{FAE04EC0-301F-11D3-BF4B-00C04F79EFBC}") = "BankAccount", "BankAccount\BankAccount.csproj", "{DAB2B39A-1357-4849-8A84-5E9BEC5EBD68}"
EndProject
Global
	GlobalSection(SolutionConfigurationPlatforms) = preSolution
		Debug|Any CPU = Debug|Any CPU
		Release|Any CPU = Release|Any CPU
	EndGlobalSection
	GlobalSection(ProjectConfigurationPlatforms) = postSolution
		{DAB2B39A-1357-4849-8A84-5E9BEC5EBD68}.Debug|Any CPU.ActiveCfg = Debug|Any CPU
		{DAB2B39A-1357-4849-8A84-5E9BEC5EBD68}.Debug|Any CPU.Build.0 = Debug|Any CPU
		{DAB2B39A-1357-4849-8A84-5E9BEC5EBD68}.Release|Any CPU.ActiveCfg = Release|Any CPU
		{DAB2B39A-1357-4849-8A84-5E9BEC5EBD68}.Release|Any CPU.Build.0 = Release|Any CPU
	EndGlobalSection
	GlobalSection(SolutionProperties) = preSolution
		HideSolutionNode = FALSE
	EndGlobalSection
EndGlobal
